
Microsoft Visual Studio Solution File, Format Version 12.00
# Visual Studio Version 17
VisualStudioVersion = 17.7.34031.279
MinimumVisualStudioVersion = 10.0.40219.1
Project("{FAE04EC0-301F-11D3-BF4B-00C04F79EFBC}") = "Datetime Picker Control", "Datetime Picker Control\Datetime Picker Control.csproj", "{985CB1DE-4872-42C5-AFEE-BBDFAC9402BE}"
EndProject
Global
	GlobalSection(SolutionConfigurationPlatforms) = preSolution
		Debug|Any CPU = Debug|Any CPU
		Release|Any CPU = Release|Any CPU
	EndGlobalSection
	GlobalSection(ProjectConfigurationPlatforms) = postSolution
		{985CB1DE-4872-42C5-AFEE-BBDFAC9402BE}.Debug|Any CPU.ActiveCfg = Debug|Any CPU
		{985CB1DE-4872-42C5-AFEE-BBDFAC9402BE}.Debug|Any CPU.Build.0 = Debug|Any CPU
		{985CB1DE-4872-42C5-AFEE-BBDFAC9402BE}.Release|Any CPU.ActiveCfg = Release|Any CPU
		{985CB1DE-4872-42C5-AFEE-BBDFAC9402BE}.Release|Any CPU.Build.0 = Release|Any CPU
	EndGlobalSection
	GlobalSection(SolutionProperties) = preSolution
		HideSolutionNode = FALSE
	EndGlobalSection
	GlobalSection(ExtensibilityGlobals) = postSolution
		SolutionGuid = {4E0F657C-DC07-4350-A1EA-13F173524919}
	EndGlobalSection
EndGlobal
